# THIS IS AN AUTOGENERATED FILE. DO NOT EDIT THIS FILE DIRECTLY.
# yarn lockfile v1


"@artdeco/clean-stack@^1.1.1":
  version "1.1.1"
  resolved "https://registry.yarnpkg.com/@artdeco/clean-stack/-/clean-stack-1.1.1.tgz#0a68b9a061b5076ebaf948c150ea26d09c1e753f"
  integrity sha512-q5lO3vGUo0WgkSqzgzjL0HQdA9t2HzQqZISuVuQWMh9xqLuiLFP/ZTsxFc8vpMl7mNpGk7Mm0OeyFQ+Evrp0Cw==

"@depack/render@1.3.4":
  version "1.3.4"
  resolved "https://registry.yarnpkg.com/@depack/render/-/render-1.3.4.tgz#f9931e745aa700ad3e5d13419b1e4222ff8f5a2c"
  integrity sha512-6DMJe/j/pyq0wc38UGY9dCIcqenSA9Pl+FiftPK3w6xGeCzi/Y1vlqKEpsEm2u1AgqZ/uXai9UHiGRZWZB2ggQ==

"@idio/idio@^1.2.3":
  version "1.2.3"
  resolved "https://registry.yarnpkg.com/@idio/idio/-/idio-1.2.3.tgz#a4ff69648ff95db683ba67660fb7dd36dc34983a"
  integrity sha512-jYQmoMigAyCxwPvJQ89F1fODL5m9DYn+QFo861E1LBI1d/cWkp4AQur2BIh9tRzrsSAXYurqSFWRNcL+rlCLYA==
  dependencies:
    mime-db "^1.43.0"
    text-decoding "^1.0.0"

"@wrote/ensure-path@^1.0.6":
  version "1.1.0"
  resolved "https://registry.yarnpkg.com/@wrote/ensure-path/-/ensure-path-1.1.0.tgz#2b5875dd4e215f209329c9c774702e4e67c3e07f"
  integrity sha512-yZigiFQhgAMAVrec9BoPdJzqjSBdHuCyDrAacWSHIUByxiMcmY9i/1dGM4RbGZg/bN8XWrxDDmcWLuPUmsJYFg==
  dependencies:
    makepromise "^3.1.0"

"@wrote/exists@^1.0.3":
  version "1.0.5"
  resolved "https://registry.yarnpkg.com/@wrote/exists/-/exists-1.0.5.tgz#6310f57ee017449ed17f19a85dd1a9dd6380d74b"
  integrity sha512-OLA2QrG/SkMP5ZGm6Am0ICG8IDzCwwnyErKjWWPTu6C1/eeCEqlZZSONSe6BquCFNQpOqhyZ+CTnmWULPXG9bg==
  dependencies:
    makepromise "^3.1.0"

"@wrote/read-dir-structure@^1.2.0":
  version "1.2.0"
  resolved "https://registry.yarnpkg.com/@wrote/read-dir-structure/-/read-dir-structure-1.2.0.tgz#864399b144c6ff3e78bc879fb3d8a1f6bf537384"
  integrity sha512-wl0/zld6Pjssa5mgbAFw/C8u6zGs/zJJ2hLXhMQtI5nuCntTb/idQJSH4WV8+YVNI1IRQO6TBDP+6YDr3cz8jw==
  dependencies:
    makepromise "^3.1.0"

"@wrote/read@^1.0.4":
  version "1.0.4"
  resolved "https://registry.yarnpkg.com/@wrote/read/-/read-1.0.4.tgz#b7343b3bbfb1d1b9ed35ee87e8021730f13f5fcf"
  integrity sha512-wRvv11mvywo2UIeFhvJ7SCO30hvW0P6jMBo1cAlYQOFwbdbTZYZxHdb1zz3VMF8o74W3xQAuvS78DNmA47NumQ==
  dependencies:
    catchment "^3.3.0"

"@wrote/rm@^1.1.3":
  version "1.1.5"
  resolved "https://registry.yarnpkg.com/@wrote/rm/-/rm-1.1.5.tgz#8044b45fd599554f653a447f386a658ff1259f52"
  integrity sha512-PBeEQ9GapqrBCig3wdvOLdSHhV4SMjxS9uWThCsuGeTNwE4dUb/hqmYC75acIvAd2iRFB2rmO/TyKjdLkM/tgQ==
  dependencies:
    "@wrote/read-dir-structure" "^1.2.0"
    makepromise "^3.1.0"

"@wrote/write@^1.0.4":
  version "1.0.4"
  resolved "https://registry.yarnpkg.com/@wrote/write/-/write-1.0.4.tgz#ad2c4e667b3e2bd5f37bb844d6b78b55952c391f"
  integrity sha512-zhelf+k8hMbk/FCvroJ/KwpX8Bi1lnJ9hkJITLqiCWi1vk6X74QhjdFxSaNDyiC5V1WTPJIWQ+76VB4obY7zVw==
  dependencies:
    erotic "^2.1.0"

"@wrote/wrote@^1.2.3":
  version "1.2.3"
  resolved "https://registry.yarnpkg.com/@wrote/wrote/-/wrote-1.2.3.tgz#aa55c50df4021a849432d466e398783b5daf730a"
  integrity sha512-cmjtSOjpZMGpT4shHHbeEgwcaYZn3xqI9xyHaAIW0qkDucBaKrwwaZqSSJq7KUnS9OAMxrqh9V7y9BA7YHZDhQ==
  dependencies:
    "@wrote/ensure-path" "^1.0.6"
    "@wrote/exists" "^1.0.3"
    "@wrote/read" "^1.0.4"
    "@wrote/read-dir-structure" "^1.2.0"
    "@wrote/rm" "^1.1.3"
    "@wrote/write" "^1.0.4"

catchment@^3.3.0:
  version "3.3.0"
  resolved "https://registry.yarnpkg.com/catchment/-/catchment-3.3.0.tgz#e57eb70183d6a75ee71da0cb8ec2e76ac01317d2"
  integrity sha512-PACm54CBCUZv1uEOMyNiB6i0kkDMdDN0+VYXIQAaeZMDcjudyPccgpYLWQfGCwCW/Q9SOfD6MyBLmxL3qh7V3A==
  dependencies:
    "@artdeco/clean-stack" "^1.1.1"
    erotic "^2.1.0"

chrome-remote-interface@0.28.1:
  version "0.28.1"
  resolved "https://registry.yarnpkg.com/chrome-remote-interface/-/chrome-remote-interface-0.28.1.tgz#45b5c2cc3ac652d476367f39e01e1a9a48191201"
  integrity sha512-OnVjEOuZtPDImShaWSQPKPZMNnUnoZfLKhayeXUWOyqir3MT1OTqMzUDEnIVx1itPnsW7CiKgyNLLgvgdniJgQ==
  dependencies:
    commander "2.11.x"
    ws "^7.2.0"

commander@2.11.x:
  version "2.11.0"
  resolved "https://registry.yarnpkg.com/commander/-/commander-2.11.0.tgz#157152fd1e7a6c8d98a5b715cf376df928004563"
  integrity sha512-b0553uYA5YAEGgyYIGYROzKQ7X5RAqedkfjiZxwi0kL1g3bOaBNNZfYkzt/CL0umgD5wc9Jec2FbB98CjkMRvQ==

erotic@^2.1.0:
  version "2.1.1"
  resolved "https://registry.yarnpkg.com/erotic/-/erotic-2.1.1.tgz#97f20c2d6e7fd2ec6f7996823009d3ac8ae7157f"
  integrity sha512-S1ns+uibigdXxxzqiO5VNZw3d0YNrVb4jZ7OUAklO4722/ytp+nta6txsUhYmnIEI0TF7jjXNjGvcmw0I/Rs7A==
  dependencies:
    "@artdeco/clean-stack" "^1.1.1"

makepromise@^3.1.0:
  version "3.1.0"
  resolved "https://registry.yarnpkg.com/makepromise/-/makepromise-3.1.0.tgz#58a07ea1605ad10c14a907334e067d200402d8b9"
  integrity sha512-wbRpYfLteGKd3j96r30G2xCrqp3blk/kYOzGKBPnEix4a/VcHcxcYFwJ79fCZFtcEqMn8MGSh8h+D+/LlI+JQQ==
  dependencies:
    erotic "^2.1.0"

mime-db@^1.43.0:
  version "1.43.0"
  resolved "https://registry.yarnpkg.com/mime-db/-/mime-db-1.43.0.tgz#0a12e0502650e473d735535050e7c8f4eb4fae58"
  integrity sha512-+5dsGEEovYbT8UY9yD7eE4XTc4UwJ1jBYlgaQQF38ENsKR3wj/8q8RFZrF9WIZpB2V1ArTVFUva8sAul1NzRzQ==

text-decoding@^1.0.0:
  version "1.0.0"
  resolved "https://registry.yarnpkg.com/text-decoding/-/text-decoding-1.0.0.tgz#38a5692d23b5c2b12942d6e245599cb58b1bc52f"
  integrity sha512-/0TJD42KDnVwKmDK6jj3xP7E2MG7SHAOG4tyTgyUCRPdHwvkquYNLEQltmdMa3owq3TkddCVcTsoctJI8VQNKA==

ws@^7.2.0:
  version "7.5.9"
  resolved "https://registry.yarnpkg.com/ws/-/ws-7.5.9.tgz#54fa7db29f4c7cec68b1ddd3a89de099942bb591"
  integrity sha512-F+P9Jil7UiSKSkppIiD94dN07AwvFixvLIj1Og1Rl9GGMuNipJnV9JzjD6XuqmAeiswGvUmNLjr5cFuXwNS77Q==
